
Microsoft Visual Studio Solution File, Format Version 12.00
# Visual Studio Version 17
VisualStudioVersion = 17.0.31903.59
MinimumVisualStudioVersion = 10.0.40219.1
Project("{2150E333-8FDC-42A3-9474-1A3956D46DE8}") = "Services", "Services", "{AB2C0A31-83F5-4C7F-88E5-126DACB24254}"
EndProject
Project("{2150E333-8FDC-42A3-9474-1A3956D46DE8}") = "Platform", "Platform", "{059741E9-7414-4BD5-A7D2-BC1BD500EE16}"
EndProject
Project("{2150E333-8FDC-42A3-9474-1A3956D46DE8}") = "src", "src", "{CAD1C2A2-F2CC-4657-BCDA-9B4ECC5D0C24}"
EndProject
Project("{FAE04EC0-301F-11D3-BF4B-00C04F79EFBC}") = "Contracts", "Services\PlatformService\src\Contracts\Contracts.csproj", "{47C37C34-ECB7-4B3B-B520-5FC870238172}"
EndProject
Project("{FAE04EC0-301F-11D3-BF4B-00C04F79EFBC}") = "Entities", "Services\PlatformService\src\Entities\Entities.csproj", "{1F1C3095-D33E-41B0-B7D1-A4943961CA3F}"
EndProject
Project("{FAE04EC0-301F-11D3-BF4B-00C04F79EFBC}") = "LoggingService", "Services\PlatformService\src\LoggingService\LoggingService.csproj", "{4F48E032-9EE3-47BC-BC85-C38EFB7BF22A}"
EndProject
Project("{FAE04EC0-301F-11D3-BF4B-00C04F79EFBC}") = "PlatformServiceAPI", "Services\PlatformService\src\PlatformServiceAPI\PlatformServiceAPI.csproj", "{B13B77B0-03BD-4382-AAE2-ADBDA5F3641D}"
EndProject
Project("{FAE04EC0-301F-11D3-BF4B-00C04F79EFBC}") = "Repository", "Services\PlatformService\src\Repository\Repository.csproj", "{AED0DE79-3CDA-4E9A-9C89-F68CE5BE3D50}"
EndProject
Project("{FAE04EC0-301F-11D3-BF4B-00C04F79EFBC}") = "Service", "Services\PlatformService\src\Service\Service.csproj", "{E2280F5A-C916-4B18-974C-6B596EE9ED3F}"
EndProject
Project("{FAE04EC0-301F-11D3-BF4B-00C04F79EFBC}") = "Service.Contracts", "Services\PlatformService\src\Service.Contracts\Service.Contracts.csproj", "{71595093-9414-4ACA-BE3D-14EF3C3D688E}"
EndProject
Project("{FAE04EC0-301F-11D3-BF4B-00C04F79EFBC}") = "Shared", "Services\PlatformService\src\Shared\Shared.csproj", "{1BA4EF62-808E-43F0-93E4-8EFA374FF2A7}"
EndProject
Project("{2150E333-8FDC-42A3-9474-1A3956D46DE8}") = "Command", "Command", "{3BDAAAFC-C6B5-4A2A-9625-F63F6765F854}"
EndProject
Project("{2150E333-8FDC-42A3-9474-1A3956D46DE8}") = "src", "src", "{46BED65E-56E2-45C9-B1FF-128B956ABEDD}"
EndProject
Project("{FAE04EC0-301F-11D3-BF4B-00C04F79EFBC}") = "Contracts", "Services\Command\src\Contracts\Contracts.csproj", "{73F56670-9E63-4B3A-BCF6-C568ED6C30D4}"
EndProject
Project("{FAE04EC0-301F-11D3-BF4B-00C04F79EFBC}") = "Entities", "Services\Command\src\Entities\Entities.csproj", "{B07DABF4-32C1-4A78-B184-041FFDA64EC3}"
EndProject
Project("{FAE04EC0-301F-11D3-BF4B-00C04F79EFBC}") = "LoggingService", "Services\Command\src\LoggingService\LoggingService.csproj", "{A73C7820-967F-4FEF-9759-A579ED2DB974}"
EndProject
Project("{FAE04EC0-301F-11D3-BF4B-00C04F79EFBC}") = "CommandServiceAPI", "Services\Command\src\CommandServiceAPI\CommandServiceAPI.csproj", "{DF9D2283-3381-471C-8047-F6A00D528A61}"
EndProject
Project("{FAE04EC0-301F-11D3-BF4B-00C04F79EFBC}") = "Repository", "Services\Command\src\Repository\Repository.csproj", "{85FB66D7-2CBF-40EE-BE13-D4A9B5F56EF7}"
EndProject
Project("{FAE04EC0-301F-11D3-BF4B-00C04F79EFBC}") = "Service", "Services\Command\src\Service\Service.csproj", "{786CBDCC-1CDC-4394-A51F-9CC5A8834120}"
EndProject
Project("{FAE04EC0-301F-11D3-BF4B-00C04F79EFBC}") = "Service.Contracts", "Services\Command\src\Service.Contracts\Service.Contracts.csproj", "{31164DED-D435-4A0E-B6BC-5F25A673603B}"
EndProject
Project("{FAE04EC0-301F-11D3-BF4B-00C04F79EFBC}") = "Shared", "Services\Command\src\Shared\Shared.csproj", "{09762463-35CD-429A-83CF-BC7C279C88DE}"
EndProject
Global
	GlobalSection(SolutionConfigurationPlatforms) = preSolution
		Debug|Any CPU = Debug|Any CPU
		Release|Any CPU = Release|Any CPU
	EndGlobalSection
	GlobalSection(SolutionProperties) = preSolution
		HideSolutionNode = FALSE
	EndGlobalSection
	GlobalSection(ProjectConfigurationPlatforms) = postSolution
		{47C37C34-ECB7-4B3B-B520-5FC870238172}.Debug|Any CPU.ActiveCfg = Debug|Any CPU
		{47C37C34-ECB7-4B3B-B520-5FC870238172}.Debug|Any CPU.Build.0 = Debug|Any CPU
		{47C37C34-ECB7-4B3B-B520-5FC870238172}.Release|Any CPU.ActiveCfg = Release|Any CPU
		{47C37C34-ECB7-4B3B-B520-5FC870238172}.Release|Any CPU.Build.0 = Release|Any CPU
		{1F1C3095-D33E-41B0-B7D1-A4943961CA3F}.Debug|Any CPU.ActiveCfg = Debug|Any CPU
		{1F1C3095-D33E-41B0-B7D1-A4943961CA3F}.Debug|Any CPU.Build.0 = Debug|Any CPU
		{1F1C3095-D33E-41B0-B7D1-A4943961CA3F}.Release|Any CPU.ActiveCfg = Release|Any CPU
		{1F1C3095-D33E-41B0-B7D1-A4943961CA3F}.Release|Any CPU.Build.0 = Release|Any CPU
		{4F48E032-9EE3-47BC-BC85-C38EFB7BF22A}.Debug|Any CPU.ActiveCfg = Debug|Any CPU
		{4F48E032-9EE3-47BC-BC85-C38EFB7BF22A}.Debug|Any CPU.Build.0 = Debug|Any CPU
		{4F48E032-9EE3-47BC-BC85-C38EFB7BF22A}.Release|Any CPU.ActiveCfg = Release|Any CPU
		{4F48E032-9EE3-47BC-BC85-C38EFB7BF22A}.Release|Any CPU.Build.0 = Release|Any CPU
		{B13B77B0-03BD-4382-AAE2-ADBDA5F3641D}.Debug|Any CPU.ActiveCfg = Debug|Any CPU
		{B13B77B0-03BD-4382-AAE2-ADBDA5F3641D}.Debug|Any CPU.Build.0 = Debug|Any CPU
		{B13B77B0-03BD-4382-AAE2-ADBDA5F3641D}.Release|Any CPU.ActiveCfg = Release|Any CPU
		{B13B77B0-03BD-4382-AAE2-ADBDA5F3641D}.Release|Any CPU.Build.0 = Release|Any CPU
		{AED0DE79-3CDA-4E9A-9C89-F68CE5BE3D50}.Debug|Any CPU.ActiveCfg = Debug|Any CPU
		{AED0DE79-3CDA-4E9A-9C89-F68CE5BE3D50}.Debug|Any CPU.Build.0 = Debug|Any CPU
		{AED0DE79-3CDA-4E9A-9C89-F68CE5BE3D50}.Release|Any CPU.ActiveCfg = Release|Any CPU
		{AED0DE79-3CDA-4E9A-9C89-F68CE5BE3D50}.Release|Any CPU.Build.0 = Release|Any CPU
		{E2280F5A-C916-4B18-974C-6B596EE9ED3F}.Debug|Any CPU.ActiveCfg = Debug|Any CPU
		{E2280F5A-C916-4B18-974C-6B596EE9ED3F}.Debug|Any CPU.Build.0 = Debug|Any CPU
		{E2280F5A-C916-4B18-974C-6B596EE9ED3F}.Release|Any CPU.ActiveCfg = Release|Any CPU
		{E2280F5A-C916-4B18-974C-6B596EE9ED3F}.Release|Any CPU.Build.0 = Release|Any CPU
		{71595093-9414-4ACA-BE3D-14EF3C3D688E}.Debug|Any CPU.ActiveCfg = Debug|Any CPU
		{71595093-9414-4ACA-BE3D-14EF3C3D688E}.Debug|Any CPU.Build.0 = Debug|Any CPU
		{71595093-9414-4ACA-BE3D-14EF3C3D688E}.Release|Any CPU.ActiveCfg = Release|Any CPU
		{71595093-9414-4ACA-BE3D-14EF3C3D688E}.Release|Any CPU.Build.0 = Release|Any CPU
		{1BA4EF62-808E-43F0-93E4-8EFA374FF2A7}.Debug|Any CPU.ActiveCfg = Debug|Any CPU
		{1BA4EF62-808E-43F0-93E4-8EFA374FF2A7}.Debug|Any CPU.Build.0 = Debug|Any CPU
		{1BA4EF62-808E-43F0-93E4-8EFA374FF2A7}.Release|Any CPU.ActiveCfg = Release|Any CPU
		{1BA4EF62-808E-43F0-93E4-8EFA374FF2A7}.Release|Any CPU.Build.0 = Release|Any CPU
		{73F56670-9E63-4B3A-BCF6-C568ED6C30D4}.Debug|Any CPU.ActiveCfg = Debug|Any CPU
		{73F56670-9E63-4B3A-BCF6-C568ED6C30D4}.Debug|Any CPU.Build.0 = Debug|Any CPU
		{73F56670-9E63-4B3A-BCF6-C568ED6C30D4}.Release|Any CPU.ActiveCfg = Release|Any CPU
		{73F56670-9E63-4B3A-BCF6-C568ED6C30D4}.Release|Any CPU.Build.0 = Release|Any CPU
		{B07DABF4-32C1-4A78-B184-041FFDA64EC3}.Debug|Any CPU.ActiveCfg = Debug|Any CPU
		{B07DABF4-32C1-4A78-B184-041FFDA64EC3}.Debug|Any CPU.Build.0 = Debug|Any CPU
		{B07DABF4-32C1-4A78-B184-041FFDA64EC3}.Release|Any CPU.ActiveCfg = Release|Any CPU
		{B07DABF4-32C1-4A78-B184-041FFDA64EC3}.Release|Any CPU.Build.0 = Release|Any CPU
		{A73C7820-967F-4FEF-9759-A579ED2DB974}.Debug|Any CPU.ActiveCfg = Debug|Any CPU
		{A73C7820-967F-4FEF-9759-A579ED2DB974}.Debug|Any CPU.Build.0 = Debug|Any CPU
		{A73C7820-967F-4FEF-9759-A579ED2DB974}.Release|Any CPU.ActiveCfg = Release|Any CPU
		{A73C7820-967F-4FEF-9759-A579ED2DB974}.Release|Any CPU.Build.0 = Release|Any CPU
		{DF9D2283-3381-471C-8047-F6A00D528A61}.Debug|Any CPU.ActiveCfg = Debug|Any CPU
		{DF9D2283-3381-471C-8047-F6A00D528A61}.Debug|Any CPU.Build.0 = Debug|Any CPU
		{DF9D2283-3381-471C-8047-F6A00D528A61}.Release|Any CPU.ActiveCfg = Release|Any CPU
		{DF9D2283-3381-471C-8047-F6A00D528A61}.Release|Any CPU.Build.0 = Release|Any CPU
		{85FB66D7-2CBF-40EE-BE13-D4A9B5F56EF7}.Debug|Any CPU.ActiveCfg = Debug|Any CPU
		{85FB66D7-2CBF-40EE-BE13-D4A9B5F56EF7}.Debug|Any CPU.Build.0 = Debug|Any CPU
		{85FB66D7-2CBF-40EE-BE13-D4A9B5F56EF7}.Release|Any CPU.ActiveCfg = Release|Any CPU
		{85FB66D7-2CBF-40EE-BE13-D4A9B5F56EF7}.Release|Any CPU.Build.0 = Release|Any CPU
		{786CBDCC-1CDC-4394-A51F-9CC5A8834120}.Debug|Any CPU.ActiveCfg = Debug|Any CPU
		{786CBDCC-1CDC-4394-A51F-9CC5A8834120}.Debug|Any CPU.Build.0 = Debug|Any CPU
		{786CBDCC-1CDC-4394-A51F-9CC5A8834120}.Release|Any CPU.ActiveCfg = Release|Any CPU
		{786CBDCC-1CDC-4394-A51F-9CC5A8834120}.Release|Any CPU.Build.0 = Release|Any CPU
		{31164DED-D435-4A0E-B6BC-5F25A673603B}.Debug|Any CPU.ActiveCfg = Debug|Any CPU
		{31164DED-D435-4A0E-B6BC-5F25A673603B}.Debug|Any CPU.Build.0 = Debug|Any CPU
		{31164DED-D435-4A0E-B6BC-5F25A673603B}.Release|Any CPU.ActiveCfg = Release|Any CPU
		{31164DED-D435-4A0E-B6BC-5F25A673603B}.Release|Any CPU.Build.0 = Release|Any CPU
		{09762463-35CD-429A-83CF-BC7C279C88DE}.Debug|Any CPU.ActiveCfg = Debug|Any CPU
		{09762463-35CD-429A-83CF-BC7C279C88DE}.Debug|Any CPU.Build.0 = Debug|Any CPU
		{09762463-35CD-429A-83CF-BC7C279C88DE}.Release|Any CPU.ActiveCfg = Release|Any CPU
		{09762463-35CD-429A-83CF-BC7C279C88DE}.Release|Any CPU.Build.0 = Release|Any CPU
	EndGlobalSection
	GlobalSection(NestedProjects) = preSolution
		{059741E9-7414-4BD5-A7D2-BC1BD500EE16} = {AB2C0A31-83F5-4C7F-88E5-126DACB24254}
		{CAD1C2A2-F2CC-4657-BCDA-9B4ECC5D0C24} = {059741E9-7414-4BD5-A7D2-BC1BD500EE16}
		{47C37C34-ECB7-4B3B-B520-5FC870238172} = {CAD1C2A2-F2CC-4657-BCDA-9B4ECC5D0C24}
		{1F1C3095-D33E-41B0-B7D1-A4943961CA3F} = {CAD1C2A2-F2CC-4657-BCDA-9B4ECC5D0C24}
		{4F48E032-9EE3-47BC-BC85-C38EFB7BF22A} = {CAD1C2A2-F2CC-4657-BCDA-9B4ECC5D0C24}
		{B13B77B0-03BD-4382-AAE2-ADBDA5F3641D} = {CAD1C2A2-F2CC-4657-BCDA-9B4ECC5D0C24}
		{AED0DE79-3CDA-4E9A-9C89-F68CE5BE3D50} = {CAD1C2A2-F2CC-4657-BCDA-9B4ECC5D0C24}
		{E2280F5A-C916-4B18-974C-6B596EE9ED3F} = {CAD1C2A2-F2CC-4657-BCDA-9B4ECC5D0C24}
		{71595093-9414-4ACA-BE3D-14EF3C3D688E} = {CAD1C2A2-F2CC-4657-BCDA-9B4ECC5D0C24}
		{1BA4EF62-808E-43F0-93E4-8EFA374FF2A7} = {CAD1C2A2-F2CC-4657-BCDA-9B4ECC5D0C24}
		{3BDAAAFC-C6B5-4A2A-9625-F63F6765F854} = {AB2C0A31-83F5-4C7F-88E5-126DACB24254}
		{46BED65E-56E2-45C9-B1FF-128B956ABEDD} = {3BDAAAFC-C6B5-4A2A-9625-F63F6765F854}
		{73F56670-9E63-4B3A-BCF6-C568ED6C30D4} = {46BED65E-56E2-45C9-B1FF-128B956ABEDD}
		{B07DABF4-32C1-4A78-B184-041FFDA64EC3} = {46BED65E-56E2-45C9-B1FF-128B956ABEDD}
		{A73C7820-967F-4FEF-9759-A579ED2DB974} = {46BED65E-56E2-45C9-B1FF-128B956ABEDD}
		{DF9D2283-3381-471C-8047-F6A00D528A61} = {46BED65E-56E2-45C9-B1FF-128B956ABEDD}
		{85FB66D7-2CBF-40EE-BE13-D4A9B5F56EF7} = {46BED65E-56E2-45C9-B1FF-128B956ABEDD}
		{786CBDCC-1CDC-4394-A51F-9CC5A8834120} = {46BED65E-56E2-45C9-B1FF-128B956ABEDD}
		{31164DED-D435-4A0E-B6BC-5F25A673603B} = {46BED65E-56E2-45C9-B1FF-128B956ABEDD}
		{09762463-35CD-429A-83CF-BC7C279C88DE} = {46BED65E-56E2-45C9-B1FF-128B956ABEDD}
	EndGlobalSection
EndGlobal
