
Microsoft Visual Studio Solution File, Format Version 12.00
# Visual Studio Version 17
VisualStudioVersion = 17.0.31903.59
MinimumVisualStudioVersion = 10.0.40219.1
Project("{2150E333-8FDC-42A3-9474-1A3956D46DE8}") = "src", "src", "{B0E1E88C-9F2F-4740-B1DA-2C97AD987B1D}"
EndProject
Project("{FAE04EC0-301F-11D3-BF4B-00C04F79EFBC}") = "PlatformServiceAPI", "src\PlatformServiceAPI\PlatformServiceAPI.csproj", "{96DC1DF8-6265-4C33-8433-0BC13D88A95B}"
EndProject
Project("{FAE04EC0-301F-11D3-BF4B-00C04F79EFBC}") = "Contracts", "src\Contracts\Contracts.csproj", "{8AA50FE0-D59B-4911-B9C8-C79A4AC5AA26}"
EndProject
Project("{FAE04EC0-301F-11D3-BF4B-00C04F79EFBC}") = "Entities", "src\Entities\Entities.csproj", "{13D69AF0-871B-4142-ACF5-739049CE0886}"
EndProject
Project("{FAE04EC0-301F-11D3-BF4B-00C04F79EFBC}") = "Repository", "src\Repository\Repository.csproj", "{2656D408-DB4E-44A1-A924-7BB6A9B54A4E}"
EndProject
Project("{FAE04EC0-301F-11D3-BF4B-00C04F79EFBC}") = "Service", "src\Service\Service.csproj", "{2C97076D-85E3-433C-BB0F-A2954AD4245B}"
EndProject
Project("{FAE04EC0-301F-11D3-BF4B-00C04F79EFBC}") = "Service.Contracts", "src\Service.Contracts\Service.Contracts.csproj", "{916D4F17-1866-4582-BA43-845AA21D5D56}"
EndProject
Project("{FAE04EC0-301F-11D3-BF4B-00C04F79EFBC}") = "LoggingService", "src\LoggingService\LoggingService.csproj", "{14B93907-01C5-485E-8BCD-F7A42F9FD73D}"
EndProject
Global
	GlobalSection(SolutionConfigurationPlatforms) = preSolution
		Debug|Any CPU = Debug|Any CPU
		Release|Any CPU = Release|Any CPU
	EndGlobalSection
	GlobalSection(SolutionProperties) = preSolution
		HideSolutionNode = FALSE
	EndGlobalSection
	GlobalSection(ProjectConfigurationPlatforms) = postSolution
		{494973B5-178C-47EC-8AF6-F51762243EB4}.Debug|Any CPU.ActiveCfg = Debug|Any CPU
		{494973B5-178C-47EC-8AF6-F51762243EB4}.Debug|Any CPU.Build.0 = Debug|Any CPU
		{494973B5-178C-47EC-8AF6-F51762243EB4}.Release|Any CPU.ActiveCfg = Release|Any CPU
		{494973B5-178C-47EC-8AF6-F51762243EB4}.Release|Any CPU.Build.0 = Release|Any CPU
		{80C60BD6-37BC-4877-B7C1-58C6721D71C8}.Debug|Any CPU.ActiveCfg = Debug|Any CPU
		{80C60BD6-37BC-4877-B7C1-58C6721D71C8}.Debug|Any CPU.Build.0 = Debug|Any CPU
		{80C60BD6-37BC-4877-B7C1-58C6721D71C8}.Release|Any CPU.ActiveCfg = Release|Any CPU
		{80C60BD6-37BC-4877-B7C1-58C6721D71C8}.Release|Any CPU.Build.0 = Release|Any CPU
		{3951978E-8227-4A83-AEF0-18E5404BAD76}.Debug|Any CPU.ActiveCfg = Debug|Any CPU
		{3951978E-8227-4A83-AEF0-18E5404BAD76}.Debug|Any CPU.Build.0 = Debug|Any CPU
		{3951978E-8227-4A83-AEF0-18E5404BAD76}.Release|Any CPU.ActiveCfg = Release|Any CPU
		{3951978E-8227-4A83-AEF0-18E5404BAD76}.Release|Any CPU.Build.0 = Release|Any CPU
		{33C5CEEE-53B5-4926-B925-F44DB3A8CEFA}.Debug|Any CPU.ActiveCfg = Debug|Any CPU
		{33C5CEEE-53B5-4926-B925-F44DB3A8CEFA}.Debug|Any CPU.Build.0 = Debug|Any CPU
		{33C5CEEE-53B5-4926-B925-F44DB3A8CEFA}.Release|Any CPU.ActiveCfg = Release|Any CPU
		{33C5CEEE-53B5-4926-B925-F44DB3A8CEFA}.Release|Any CPU.Build.0 = Release|Any CPU
		{96DC1DF8-6265-4C33-8433-0BC13D88A95B}.Debug|Any CPU.ActiveCfg = Debug|Any CPU
		{96DC1DF8-6265-4C33-8433-0BC13D88A95B}.Debug|Any CPU.Build.0 = Debug|Any CPU
		{96DC1DF8-6265-4C33-8433-0BC13D88A95B}.Release|Any CPU.ActiveCfg = Release|Any CPU
		{96DC1DF8-6265-4C33-8433-0BC13D88A95B}.Release|Any CPU.Build.0 = Release|Any CPU
		{8AA50FE0-D59B-4911-B9C8-C79A4AC5AA26}.Debug|Any CPU.ActiveCfg = Debug|Any CPU
		{8AA50FE0-D59B-4911-B9C8-C79A4AC5AA26}.Debug|Any CPU.Build.0 = Debug|Any CPU
		{8AA50FE0-D59B-4911-B9C8-C79A4AC5AA26}.Release|Any CPU.ActiveCfg = Release|Any CPU
		{8AA50FE0-D59B-4911-B9C8-C79A4AC5AA26}.Release|Any CPU.Build.0 = Release|Any CPU
		{13D69AF0-871B-4142-ACF5-739049CE0886}.Debug|Any CPU.ActiveCfg = Debug|Any CPU
		{13D69AF0-871B-4142-ACF5-739049CE0886}.Debug|Any CPU.Build.0 = Debug|Any CPU
		{13D69AF0-871B-4142-ACF5-739049CE0886}.Release|Any CPU.ActiveCfg = Release|Any CPU
		{13D69AF0-871B-4142-ACF5-739049CE0886}.Release|Any CPU.Build.0 = Release|Any CPU
		{2656D408-DB4E-44A1-A924-7BB6A9B54A4E}.Debug|Any CPU.ActiveCfg = Debug|Any CPU
		{2656D408-DB4E-44A1-A924-7BB6A9B54A4E}.Debug|Any CPU.Build.0 = Debug|Any CPU
		{2656D408-DB4E-44A1-A924-7BB6A9B54A4E}.Release|Any CPU.ActiveCfg = Release|Any CPU
		{2656D408-DB4E-44A1-A924-7BB6A9B54A4E}.Release|Any CPU.Build.0 = Release|Any CPU
		{2C97076D-85E3-433C-BB0F-A2954AD4245B}.Debug|Any CPU.ActiveCfg = Debug|Any CPU
		{2C97076D-85E3-433C-BB0F-A2954AD4245B}.Debug|Any CPU.Build.0 = Debug|Any CPU
		{2C97076D-85E3-433C-BB0F-A2954AD4245B}.Release|Any CPU.ActiveCfg = Release|Any CPU
		{2C97076D-85E3-433C-BB0F-A2954AD4245B}.Release|Any CPU.Build.0 = Release|Any CPU
		{916D4F17-1866-4582-BA43-845AA21D5D56}.Debug|Any CPU.ActiveCfg = Debug|Any CPU
		{916D4F17-1866-4582-BA43-845AA21D5D56}.Debug|Any CPU.Build.0 = Debug|Any CPU
		{916D4F17-1866-4582-BA43-845AA21D5D56}.Release|Any CPU.ActiveCfg = Release|Any CPU
		{916D4F17-1866-4582-BA43-845AA21D5D56}.Release|Any CPU.Build.0 = Release|Any CPU
		{14B93907-01C5-485E-8BCD-F7A42F9FD73D}.Debug|Any CPU.ActiveCfg = Debug|Any CPU
		{14B93907-01C5-485E-8BCD-F7A42F9FD73D}.Debug|Any CPU.Build.0 = Debug|Any CPU
		{14B93907-01C5-485E-8BCD-F7A42F9FD73D}.Release|Any CPU.ActiveCfg = Release|Any CPU
		{14B93907-01C5-485E-8BCD-F7A42F9FD73D}.Release|Any CPU.Build.0 = Release|Any CPU
	EndGlobalSection
	GlobalSection(NestedProjects) = preSolution
		{494973B5-178C-47EC-8AF6-F51762243EB4} = {B0E1E88C-9F2F-4740-B1DA-2C97AD987B1D}
		{80C60BD6-37BC-4877-B7C1-58C6721D71C8} = {B0E1E88C-9F2F-4740-B1DA-2C97AD987B1D}
		{3951978E-8227-4A83-AEF0-18E5404BAD76} = {B0E1E88C-9F2F-4740-B1DA-2C97AD987B1D}
		{33C5CEEE-53B5-4926-B925-F44DB3A8CEFA} = {B0E1E88C-9F2F-4740-B1DA-2C97AD987B1D}
		{96DC1DF8-6265-4C33-8433-0BC13D88A95B} = {B0E1E88C-9F2F-4740-B1DA-2C97AD987B1D}
		{8AA50FE0-D59B-4911-B9C8-C79A4AC5AA26} = {B0E1E88C-9F2F-4740-B1DA-2C97AD987B1D}
		{13D69AF0-871B-4142-ACF5-739049CE0886} = {B0E1E88C-9F2F-4740-B1DA-2C97AD987B1D}
		{2656D408-DB4E-44A1-A924-7BB6A9B54A4E} = {B0E1E88C-9F2F-4740-B1DA-2C97AD987B1D}
		{2C97076D-85E3-433C-BB0F-A2954AD4245B} = {B0E1E88C-9F2F-4740-B1DA-2C97AD987B1D}
		{916D4F17-1866-4582-BA43-845AA21D5D56} = {B0E1E88C-9F2F-4740-B1DA-2C97AD987B1D}
		{14B93907-01C5-485E-8BCD-F7A42F9FD73D} = {B0E1E88C-9F2F-4740-B1DA-2C97AD987B1D}
	EndGlobalSection
EndGlobal
